
Microsoft Visual Studio Solution File, Format Version 12.00
# Visual Studio Version 17
VisualStudioVersion = 17.12.35527.113
MinimumVisualStudioVersion = 10.0.40219.1
Project("{2150E333-8FDC-42A3-9474-1A3956D46DE8}") = "Backend", "Backend", "{E61D3930-64AC-4563-8887-AD0207B0C612}"
EndProject
Project("{FAE04EC0-301F-11D3-BF4B-00C04F79EFBC}") = "Commercium.API", "Commercium.API\Commercium.API.csproj", "{62047248-8F73-4AA9-891D-23D6078A0DA5}"
EndProject
Project("{FAE04EC0-301F-11D3-BF4B-00C04F79EFBC}") = "Commercium.Entity", "Commercium.Entity\Commercium.Entity.csproj", "{75E85373-C6B9-473B-8FB6-46CA49AAFD70}"
EndProject
Project("{FAE04EC0-301F-11D3-BF4B-00C04F79EFBC}") = "Commercium.Shared", "Comercium.Shared\Commercium.Shared.csproj", "{CCF829AB-3EF9-423B-99F0-0F5E56493E3A}"
EndProject
Project("{FAE04EC0-301F-11D3-BF4B-00C04F79EFBC}") = "Commercium.Data", "Commercium.Data\Commercium.Data.csproj", "{A11D1D71-BE8E-49FB-9CE0-7844EBB36B52}"
EndProject
Project("{FAE04EC0-301F-11D3-BF4B-00C04F79EFBC}") = "Commercium.Service", "Commercium.Service\Commercium.Service.csproj", "{6D221575-FC73-4A75-8361-3422CC72A7A1}"
EndProject
Project("{2150E333-8FDC-42A3-9474-1A3956D46DE8}") = "Frontend", "Frontend", "{A1848C2D-9811-4475-BE49-90A979B20833}"
EndProject
Project("{FAE04EC0-301F-11D3-BF4B-00C04F79EFBC}") = "CommerciumWeb", "..\Frontend\CommerciumWeb\CommerciumWeb.csproj", "{3302BED4-FAC1-4244-A2FA-C2ADD6C3AD01}"
EndProject
Global
	GlobalSection(SolutionConfigurationPlatforms) = preSolution
		Debug|Any CPU = Debug|Any CPU
		Release|Any CPU = Release|Any CPU
	EndGlobalSection
	GlobalSection(ProjectConfigurationPlatforms) = postSolution
		{62047248-8F73-4AA9-891D-23D6078A0DA5}.Debug|Any CPU.ActiveCfg = Debug|Any CPU
		{62047248-8F73-4AA9-891D-23D6078A0DA5}.Debug|Any CPU.Build.0 = Debug|Any CPU
		{62047248-8F73-4AA9-891D-23D6078A0DA5}.Release|Any CPU.ActiveCfg = Release|Any CPU
		{62047248-8F73-4AA9-891D-23D6078A0DA5}.Release|Any CPU.Build.0 = Release|Any CPU
		{75E85373-C6B9-473B-8FB6-46CA49AAFD70}.Debug|Any CPU.ActiveCfg = Debug|Any CPU
		{75E85373-C6B9-473B-8FB6-46CA49AAFD70}.Debug|Any CPU.Build.0 = Debug|Any CPU
		{75E85373-C6B9-473B-8FB6-46CA49AAFD70}.Release|Any CPU.ActiveCfg = Release|Any CPU
		{75E85373-C6B9-473B-8FB6-46CA49AAFD70}.Release|Any CPU.Build.0 = Release|Any CPU
		{CCF829AB-3EF9-423B-99F0-0F5E56493E3A}.Debug|Any CPU.ActiveCfg = Debug|Any CPU
		{CCF829AB-3EF9-423B-99F0-0F5E56493E3A}.Debug|Any CPU.Build.0 = Debug|Any CPU
		{CCF829AB-3EF9-423B-99F0-0F5E56493E3A}.Release|Any CPU.ActiveCfg = Release|Any CPU
		{CCF829AB-3EF9-423B-99F0-0F5E56493E3A}.Release|Any CPU.Build.0 = Release|Any CPU
		{A11D1D71-BE8E-49FB-9CE0-7844EBB36B52}.Debug|Any CPU.ActiveCfg = Debug|Any CPU
		{A11D1D71-BE8E-49FB-9CE0-7844EBB36B52}.Debug|Any CPU.Build.0 = Debug|Any CPU
		{A11D1D71-BE8E-49FB-9CE0-7844EBB36B52}.Release|Any CPU.ActiveCfg = Release|Any CPU
		{A11D1D71-BE8E-49FB-9CE0-7844EBB36B52}.Release|Any CPU.Build.0 = Release|Any CPU
		{6D221575-FC73-4A75-8361-3422CC72A7A1}.Debug|Any CPU.ActiveCfg = Debug|Any CPU
		{6D221575-FC73-4A75-8361-3422CC72A7A1}.Debug|Any CPU.Build.0 = Debug|Any CPU
		{6D221575-FC73-4A75-8361-3422CC72A7A1}.Release|Any CPU.ActiveCfg = Release|Any CPU
		{6D221575-FC73-4A75-8361-3422CC72A7A1}.Release|Any CPU.Build.0 = Release|Any CPU
		{3302BED4-FAC1-4244-A2FA-C2ADD6C3AD01}.Debug|Any CPU.ActiveCfg = Debug|Any CPU
		{3302BED4-FAC1-4244-A2FA-C2ADD6C3AD01}.Debug|Any CPU.Build.0 = Debug|Any CPU
		{3302BED4-FAC1-4244-A2FA-C2ADD6C3AD01}.Release|Any CPU.ActiveCfg = Release|Any CPU
		{3302BED4-FAC1-4244-A2FA-C2ADD6C3AD01}.Release|Any CPU.Build.0 = Release|Any CPU
	EndGlobalSection
	GlobalSection(SolutionProperties) = preSolution
		HideSolutionNode = FALSE
	EndGlobalSection
	GlobalSection(NestedProjects) = preSolution
		{62047248-8F73-4AA9-891D-23D6078A0DA5} = {E61D3930-64AC-4563-8887-AD0207B0C612}
		{75E85373-C6B9-473B-8FB6-46CA49AAFD70} = {E61D3930-64AC-4563-8887-AD0207B0C612}
		{CCF829AB-3EF9-423B-99F0-0F5E56493E3A} = {E61D3930-64AC-4563-8887-AD0207B0C612}
		{A11D1D71-BE8E-49FB-9CE0-7844EBB36B52} = {E61D3930-64AC-4563-8887-AD0207B0C612}
		{6D221575-FC73-4A75-8361-3422CC72A7A1} = {E61D3930-64AC-4563-8887-AD0207B0C612}
		{3302BED4-FAC1-4244-A2FA-C2ADD6C3AD01} = {A1848C2D-9811-4475-BE49-90A979B20833}
	EndGlobalSection
EndGlobal
